// !$*UTF8*$!
{
	archiveVersion = 1;
	classes = {
	};
	objectVersion = 56;
	objects = {

/* Begin PBXBuildFile section */
		486F91D1291EA2A300B53ED9 /* AppDelegate.swift in Sources */ = {isa = PBXBuildFile; fileRef = 486F91D0291EA2A300B53ED9 /* AppDelegate.swift */; };
		486F91D3291EA2A300B53ED9 /* SceneDelegate.swift in Sources */ = {isa = PBXBuildFile; fileRef = 486F91D2291EA2A300B53ED9 /* SceneDelegate.swift */; };
		486F91DA291EA2A400B53ED9 /* Assets.xcassets in Resources */ = {isa = PBXBuildFile; fileRef = 486F91D9291EA2A400B53ED9 /* Assets.xcassets */; };
		486F91DD291EA2A400B53ED9 /* LaunchScreen.storyboard in Resources */ = {isa = PBXBuildFile; fileRef = 486F91DB291EA2A400B53ED9 /* LaunchScreen.storyboard */; };
		486F91E8291EA2A400B53ED9 /* The_Weather_AppTests.swift in Sources */ = {isa = PBXBuildFile; fileRef = 486F91E7291EA2A400B53ED9 /* The_Weather_AppTests.swift */; };
		486F91F2291EA2A400B53ED9 /* The_Weather_AppUITests.swift in Sources */ = {isa = PBXBuildFile; fileRef = 486F91F1291EA2A400B53ED9 /* The_Weather_AppUITests.swift */; };
		486F91F4291EA2A400B53ED9 /* The_Weather_AppUITestsLaunchTests.swift in Sources */ = {isa = PBXBuildFile; fileRef = 486F91F3291EA2A400B53ED9 /* The_Weather_AppUITestsLaunchTests.swift */; };
		486F9208291FD55600B53ED9 /* AppCoordinator.swift in Sources */ = {isa = PBXBuildFile; fileRef = 486F9207291FD55600B53ED9 /* AppCoordinator.swift */; };
		486F920A291FD5DF00B53ED9 /* Environment.swift in Sources */ = {isa = PBXBuildFile; fileRef = 486F9209291FD5DF00B53ED9 /* Environment.swift */; };
		486F920C291FD5FB00B53ED9 /* EnvironmentURLKey.swift in Sources */ = {isa = PBXBuildFile; fileRef = 486F920B291FD5FB00B53ED9 /* EnvironmentURLKey.swift */; };
		486F9211291FD6A000B53ED9 /* APIRequestObject.swift in Sources */ = {isa = PBXBuildFile; fileRef = 486F9210291FD6A000B53ED9 /* APIRequestObject.swift */; };
		486F9213291FD6AE00B53ED9 /* APIResponseObject.swift in Sources */ = {isa = PBXBuildFile; fileRef = 486F9212291FD6AE00B53ED9 /* APIResponseObject.swift */; };
		486F9215291FD6EF00B53ED9 /* AlamofireParametersConvertible.swift in Sources */ = {isa = PBXBuildFile; fileRef = 486F9214291FD6EF00B53ED9 /* AlamofireParametersConvertible.swift */; };
		486F9219291FD91500B53ED9 /* SplashAnimationController.swift in Sources */ = {isa = PBXBuildFile; fileRef = 486F9218291FD91500B53ED9 /* SplashAnimationController.swift */; };
		486F921C291FE90900B53ED9 /* SplashAnimationCoordinatorProtocol.swift in Sources */ = {isa = PBXBuildFile; fileRef = 486F921B291FE90900B53ED9 /* SplashAnimationCoordinatorProtocol.swift */; };
		486F921E291FE93E00B53ED9 /* SplashAnimationCoordinator.swift in Sources */ = {isa = PBXBuildFile; fileRef = 486F921D291FE93E00B53ED9 /* SplashAnimationCoordinator.swift */; };
		486F9225291FFDA900B53ED9 /* Colors.xcassets in Resources */ = {isa = PBXBuildFile; fileRef = 486F9223291FFDA900B53ED9 /* Colors.xcassets */; };
		486F9226291FFDA900B53ED9 /* Theme.swift in Sources */ = {isa = PBXBuildFile; fileRef = 486F9224291FFDA900B53ED9 /* Theme.swift */; };
		48AD95B12920035400F7035F /* UIView+Constraint.swift in Sources */ = {isa = PBXBuildFile; fileRef = 48AD95B02920035400F7035F /* UIView+Constraint.swift */; };
		48AD95B32920038100F7035F /* UIViewController.swift in Sources */ = {isa = PBXBuildFile; fileRef = 48AD95B22920038100F7035F /* UIViewController.swift */; };
		48AD95B52920039C00F7035F /* EmptyStateView.swift in Sources */ = {isa = PBXBuildFile; fileRef = 48AD95B42920039C00F7035F /* EmptyStateView.swift */; };
		48AD95B7292003B300F7035F /* UITableView.swift in Sources */ = {isa = PBXBuildFile; fileRef = 48AD95B6292003B300F7035F /* UITableView.swift */; };
		48AD95B9292003CE00F7035F /* UIImageView.swift in Sources */ = {isa = PBXBuildFile; fileRef = 48AD95B8292003CE00F7035F /* UIImageView.swift */; };
		48AD95BB2920040800F7035F /* UIView.swift in Sources */ = {isa = PBXBuildFile; fileRef = 48AD95BA2920040800F7035F /* UIView.swift */; };
		48AD95D1292005FC00F7035F /* Open Sans Semibold.ttf in Resources */ = {isa = PBXBuildFile; fileRef = 48AD95CB292005FC00F7035F /* Open Sans Semibold.ttf */; };
		48AD95D2292005FC00F7035F /* Open Sans Light.ttf in Resources */ = {isa = PBXBuildFile; fileRef = 48AD95CC292005FC00F7035F /* Open Sans Light.ttf */; };
		48AD95D3292005FC00F7035F /* Open Sans Bold.ttf in Resources */ = {isa = PBXBuildFile; fileRef = 48AD95CD292005FC00F7035F /* Open Sans Bold.ttf */; };
		48AD95D4292005FC00F7035F /* Circular.ttf in Resources */ = {isa = PBXBuildFile; fileRef = 48AD95CE292005FC00F7035F /* Circular.ttf */; };
		48AD95D5292005FC00F7035F /* Open Sans Extrabold.ttf in Resources */ = {isa = PBXBuildFile; fileRef = 48AD95CF292005FC00F7035F /* Open Sans Extrabold.ttf */; };
		48AD95D6292005FC00F7035F /* Open Sans Regular.ttf in Resources */ = {isa = PBXBuildFile; fileRef = 48AD95D0292005FC00F7035F /* Open Sans Regular.ttf */; };
		48AD95DA2920398600F7035F /* splash_animation.json in Resources */ = {isa = PBXBuildFile; fileRef = 48AD95D92920398600F7035F /* splash_animation.json */; };
		48AD95DD29203A9900F7035F /* HomeController.swift in Sources */ = {isa = PBXBuildFile; fileRef = 48AD95DC29203A9900F7035F /* HomeController.swift */; };
		48AD95DF2920441A00F7035F /* HomeViewModel.swift in Sources */ = {isa = PBXBuildFile; fileRef = 48AD95DE2920441A00F7035F /* HomeViewModel.swift */; };
		48AD95E12920478400F7035F /* CurrentWeatherTableViewCell.swift in Sources */ = {isa = PBXBuildFile; fileRef = 48AD95E02920478400F7035F /* CurrentWeatherTableViewCell.swift */; };
		48AD95E52920555F00F7035F /* HomeCoordinatorProtocol.swift in Sources */ = {isa = PBXBuildFile; fileRef = 48AD95E42920555F00F7035F /* HomeCoordinatorProtocol.swift */; };
		48AD95E72920559600F7035F /* HomeCoordinator.swift in Sources */ = {isa = PBXBuildFile; fileRef = 48AD95E62920559600F7035F /* HomeCoordinator.swift */; };
		48AD95ED29205F1100F7035F /* HomeAPIRouter.swift in Sources */ = {isa = PBXBuildFile; fileRef = 48AD95EC29205F1100F7035F /* HomeAPIRouter.swift */; };
		48AD95EF292060C900F7035F /* HomeAPI.swift in Sources */ = {isa = PBXBuildFile; fileRef = 48AD95EE292060C900F7035F /* HomeAPI.swift */; };
		48AD95F32920617000F7035F /* APIRequestObject.GetWeatherData.swift in Sources */ = {isa = PBXBuildFile; fileRef = 48AD95F22920617000F7035F /* APIRequestObject.GetWeatherData.swift */; };
		48AD95F52920678500F7035F /* APIResponseObject.HomeContentResponse.swift in Sources */ = {isa = PBXBuildFile; fileRef = 48AD95F42920678500F7035F /* APIResponseObject.HomeContentResponse.swift */; };
		48AD95F72920693800F7035F /* GetHomeContentOperation.swift in Sources */ = {isa = PBXBuildFile; fileRef = 48AD95F62920693800F7035F /* GetHomeContentOperation.swift */; };
		D0F1D490A48A7C1F03BE63DC /* Pods_The_Weather_App.framework in Frameworks */ = {isa = PBXBuildFile; fileRef = E6CCD15A51A59DB5712FBFBD /* Pods_The_Weather_App.framework */; };
/* End PBXBuildFile section */

/* Begin PBXContainerItemProxy section */
		486F91E4291EA2A400B53ED9 /* PBXContainerItemProxy */ = {
			isa = PBXContainerItemProxy;
			containerPortal = 486F91C5291EA2A300B53ED9 /* Project object */;
			proxyType = 1;
			remoteGlobalIDString = 486F91CC291EA2A300B53ED9;
			remoteInfo = "The Weather App";
		};
		486F91EE291EA2A400B53ED9 /* PBXContainerItemProxy */ = {
			isa = PBXContainerItemProxy;
			containerPortal = 486F91C5291EA2A300B53ED9 /* Project object */;
			proxyType = 1;
			remoteGlobalIDString = 486F91CC291EA2A300B53ED9;
			remoteInfo = "The Weather App";
		};
/* End PBXContainerItemProxy section */

/* Begin PBXFileReference section */
		486F91CD291EA2A300B53ED9 /* The Weather App.app */ = {isa = PBXFileReference; explicitFileType = wrapper.application; includeInIndex = 0; path = "The Weather App.app"; sourceTree = BUILT_PRODUCTS_DIR; };
		486F91D0291EA2A300B53ED9 /* AppDelegate.swift */ = {isa = PBXFileReference; lastKnownFileType = sourcecode.swift; path = AppDelegate.swift; sourceTree = "<group>"; };
		486F91D2291EA2A300B53ED9 /* SceneDelegate.swift */ = {isa = PBXFileReference; lastKnownFileType = sourcecode.swift; path = SceneDelegate.swift; sourceTree = "<group>"; };
		486F91D9291EA2A400B53ED9 /* Assets.xcassets */ = {isa = PBXFileReference; lastKnownFileType = folder.assetcatalog; path = Assets.xcassets; sourceTree = "<group>"; };
		486F91DC291EA2A400B53ED9 /* Base */ = {isa = PBXFileReference; lastKnownFileType = file.storyboard; name = Base; path = Base.lproj/LaunchScreen.storyboard; sourceTree = "<group>"; };
		486F91DE291EA2A400B53ED9 /* Info.plist */ = {isa = PBXFileReference; lastKnownFileType = text.plist.xml; path = Info.plist; sourceTree = "<group>"; };
		486F91E3291EA2A400B53ED9 /* The Weather AppTests.xctest */ = {isa = PBXFileReference; explicitFileType = wrapper.cfbundle; includeInIndex = 0; path = "The Weather AppTests.xctest"; sourceTree = BUILT_PRODUCTS_DIR; };
		486F91E7291EA2A400B53ED9 /* The_Weather_AppTests.swift */ = {isa = PBXFileReference; lastKnownFileType = sourcecode.swift; path = The_Weather_AppTests.swift; sourceTree = "<group>"; };
		486F91ED291EA2A400B53ED9 /* The Weather AppUITests.xctest */ = {isa = PBXFileReference; explicitFileType = wrapper.cfbundle; includeInIndex = 0; path = "The Weather AppUITests.xctest"; sourceTree = BUILT_PRODUCTS_DIR; };
		486F91F1291EA2A400B53ED9 /* The_Weather_AppUITests.swift */ = {isa = PBXFileReference; lastKnownFileType = sourcecode.swift; path = The_Weather_AppUITests.swift; sourceTree = "<group>"; };
		486F91F3291EA2A400B53ED9 /* The_Weather_AppUITestsLaunchTests.swift */ = {isa = PBXFileReference; lastKnownFileType = sourcecode.swift; path = The_Weather_AppUITestsLaunchTests.swift; sourceTree = "<group>"; };
		486F9207291FD55600B53ED9 /* AppCoordinator.swift */ = {isa = PBXFileReference; lastKnownFileType = sourcecode.swift; path = AppCoordinator.swift; sourceTree = "<group>"; };
		486F9209291FD5DF00B53ED9 /* Environment.swift */ = {isa = PBXFileReference; lastKnownFileType = sourcecode.swift; path = Environment.swift; sourceTree = "<group>"; };
		486F920B291FD5FB00B53ED9 /* EnvironmentURLKey.swift */ = {isa = PBXFileReference; lastKnownFileType = sourcecode.swift; path = EnvironmentURLKey.swift; sourceTree = "<group>"; };
		486F9210291FD6A000B53ED9 /* APIRequestObject.swift */ = {isa = PBXFileReference; lastKnownFileType = sourcecode.swift; path = APIRequestObject.swift; sourceTree = "<group>"; };
		486F9212291FD6AE00B53ED9 /* APIResponseObject.swift */ = {isa = PBXFileReference; lastKnownFileType = sourcecode.swift; path = APIResponseObject.swift; sourceTree = "<group>"; };
		486F9214291FD6EF00B53ED9 /* AlamofireParametersConvertible.swift */ = {isa = PBXFileReference; lastKnownFileType = sourcecode.swift; path = AlamofireParametersConvertible.swift; sourceTree = "<group>"; };
		486F9218291FD91500B53ED9 /* SplashAnimationController.swift */ = {isa = PBXFileReference; lastKnownFileType = sourcecode.swift; path = SplashAnimationController.swift; sourceTree = "<group>"; };
		486F921B291FE90900B53ED9 /* SplashAnimationCoordinatorProtocol.swift */ = {isa = PBXFileReference; lastKnownFileType = sourcecode.swift; path = SplashAnimationCoordinatorProtocol.swift; sourceTree = "<group>"; };
		486F921D291FE93E00B53ED9 /* SplashAnimationCoordinator.swift */ = {isa = PBXFileReference; lastKnownFileType = sourcecode.swift; path = SplashAnimationCoordinator.swift; sourceTree = "<group>"; };
		486F921F291FEA8800B53ED9 /* Base.xcconfig */ = {isa = PBXFileReference; lastKnownFileType = text.xcconfig; path = Base.xcconfig; sourceTree = "<group>"; };
		486F9220291FEAAE00B53ED9 /* Debug.xcconfig */ = {isa = PBXFileReference; lastKnownFileType = text.xcconfig; path = Debug.xcconfig; sourceTree = "<group>"; };
		486F9221291FEAC000B53ED9 /* Release.xcconfig */ = {isa = PBXFileReference; lastKnownFileType = text.xcconfig; path = Release.xcconfig; sourceTree = "<group>"; };
		486F9223291FFDA900B53ED9 /* Colors.xcassets */ = {isa = PBXFileReference; lastKnownFileType = folder.assetcatalog; path = Colors.xcassets; sourceTree = "<group>"; };
		486F9224291FFDA900B53ED9 /* Theme.swift */ = {isa = PBXFileReference; fileEncoding = 4; lastKnownFileType = sourcecode.swift; path = Theme.swift; sourceTree = "<group>"; };
		48AD95B02920035400F7035F /* UIView+Constraint.swift */ = {isa = PBXFileReference; lastKnownFileType = sourcecode.swift; path = "UIView+Constraint.swift"; sourceTree = "<group>"; };
		48AD95B22920038100F7035F /* UIViewController.swift */ = {isa = PBXFileReference; lastKnownFileType = sourcecode.swift; path = UIViewController.swift; sourceTree = "<group>"; };
		48AD95B42920039C00F7035F /* EmptyStateView.swift */ = {isa = PBXFileReference; lastKnownFileType = sourcecode.swift; path = EmptyStateView.swift; sourceTree = "<group>"; };
		48AD95B6292003B300F7035F /* UITableView.swift */ = {isa = PBXFileReference; lastKnownFileType = sourcecode.swift; path = UITableView.swift; sourceTree = "<group>"; };
		48AD95B8292003CE00F7035F /* UIImageView.swift */ = {isa = PBXFileReference; lastKnownFileType = sourcecode.swift; path = UIImageView.swift; sourceTree = "<group>"; };
		48AD95BA2920040800F7035F /* UIView.swift */ = {isa = PBXFileReference; lastKnownFileType = sourcecode.swift; path = UIView.swift; sourceTree = "<group>"; };
		48AD95CB292005FC00F7035F /* Open Sans Semibold.ttf */ = {isa = PBXFileReference; lastKnownFileType = file; path = "Open Sans Semibold.ttf"; sourceTree = "<group>"; };
		48AD95CC292005FC00F7035F /* Open Sans Light.ttf */ = {isa = PBXFileReference; lastKnownFileType = file; path = "Open Sans Light.ttf"; sourceTree = "<group>"; };
		48AD95CD292005FC00F7035F /* Open Sans Bold.ttf */ = {isa = PBXFileReference; lastKnownFileType = file; path = "Open Sans Bold.ttf"; sourceTree = "<group>"; };
		48AD95CE292005FC00F7035F /* Circular.ttf */ = {isa = PBXFileReference; lastKnownFileType = file; path = Circular.ttf; sourceTree = "<group>"; };
		48AD95CF292005FC00F7035F /* Open Sans Extrabold.ttf */ = {isa = PBXFileReference; lastKnownFileType = file; path = "Open Sans Extrabold.ttf"; sourceTree = "<group>"; };
		48AD95D0292005FC00F7035F /* Open Sans Regular.ttf */ = {isa = PBXFileReference; lastKnownFileType = file; path = "Open Sans Regular.ttf"; sourceTree = "<group>"; };
		48AD95D92920398600F7035F /* splash_animation.json */ = {isa = PBXFileReference; fileEncoding = 4; lastKnownFileType = text.json; path = splash_animation.json; sourceTree = "<group>"; };
		48AD95DC29203A9900F7035F /* HomeController.swift */ = {isa = PBXFileReference; lastKnownFileType = sourcecode.swift; path = HomeController.swift; sourceTree = "<group>"; };
		48AD95DE2920441A00F7035F /* HomeViewModel.swift */ = {isa = PBXFileReference; lastKnownFileType = sourcecode.swift; path = HomeViewModel.swift; sourceTree = "<group>"; };
		48AD95E02920478400F7035F /* CurrentWeatherTableViewCell.swift */ = {isa = PBXFileReference; lastKnownFileType = sourcecode.swift; path = CurrentWeatherTableViewCell.swift; sourceTree = "<group>"; };
		48AD95E42920555F00F7035F /* HomeCoordinatorProtocol.swift */ = {isa = PBXFileReference; lastKnownFileType = sourcecode.swift; path = HomeCoordinatorProtocol.swift; sourceTree = "<group>"; };
		48AD95E62920559600F7035F /* HomeCoordinator.swift */ = {isa = PBXFileReference; lastKnownFileType = sourcecode.swift; path = HomeCoordinator.swift; sourceTree = "<group>"; };
		48AD95EC29205F1100F7035F /* HomeAPIRouter.swift */ = {isa = PBXFileReference; lastKnownFileType = sourcecode.swift; path = HomeAPIRouter.swift; sourceTree = "<group>"; };
		48AD95EE292060C900F7035F /* HomeAPI.swift */ = {isa = PBXFileReference; lastKnownFileType = sourcecode.swift; path = HomeAPI.swift; sourceTree = "<group>"; };
		48AD95F22920617000F7035F /* APIRequestObject.GetWeatherData.swift */ = {isa = PBXFileReference; lastKnownFileType = sourcecode.swift; path = APIRequestObject.GetWeatherData.swift; sourceTree = "<group>"; };
		48AD95F42920678500F7035F /* APIResponseObject.HomeContentResponse.swift */ = {isa = PBXFileReference; lastKnownFileType = sourcecode.swift; path = APIResponseObject.HomeContentResponse.swift; sourceTree = "<group>"; };
		48AD95F62920693800F7035F /* GetHomeContentOperation.swift */ = {isa = PBXFileReference; lastKnownFileType = sourcecode.swift; path = GetHomeContentOperation.swift; sourceTree = "<group>"; };
		6B2E6C38595C02618A844A6D /* Pods-The Weather App.debug.xcconfig */ = {isa = PBXFileReference; includeInIndex = 1; lastKnownFileType = text.xcconfig; name = "Pods-The Weather App.debug.xcconfig"; path = "Target Support Files/Pods-The Weather App/Pods-The Weather App.debug.xcconfig"; sourceTree = "<group>"; };
		84D2D19E700AE5E9AA37F21B /* Pods-The Weather App.release.xcconfig */ = {isa = PBXFileReference; includeInIndex = 1; lastKnownFileType = text.xcconfig; name = "Pods-The Weather App.release.xcconfig"; path = "Target Support Files/Pods-The Weather App/Pods-The Weather App.release.xcconfig"; sourceTree = "<group>"; };
		E6CCD15A51A59DB5712FBFBD /* Pods_The_Weather_App.framework */ = {isa = PBXFileReference; explicitFileType = wrapper.framework; includeInIndex = 0; path = Pods_The_Weather_App.framework; sourceTree = BUILT_PRODUCTS_DIR; };
/* End PBXFileReference section */

/* Begin PBXFrameworksBuildPhase section */
		486F91CA291EA2A300B53ED9 /* Frameworks */ = {
			isa = PBXFrameworksBuildPhase;
			buildActionMask = 2147483647;
			files = (
				D0F1D490A48A7C1F03BE63DC /* Pods_The_Weather_App.framework in Frameworks */,
			);
			runOnlyForDeploymentPostprocessing = 0;
		};
		486F91E0291EA2A400B53ED9 /* Frameworks */ = {
			isa = PBXFrameworksBuildPhase;
			buildActionMask = 2147483647;
			files = (
			);
			runOnlyForDeploymentPostprocessing = 0;
		};
		486F91EA291EA2A400B53ED9 /* Frameworks */ = {
			isa = PBXFrameworksBuildPhase;
			buildActionMask = 2147483647;
			files = (
			);
			runOnlyForDeploymentPostprocessing = 0;
		};
/* End PBXFrameworksBuildPhase section */

/* Begin PBXGroup section */
		486F91C4291EA2A300B53ED9 = {
			isa = PBXGroup;
			children = (
				486F91CF291EA2A300B53ED9 /* The Weather App */,
				486F91E6291EA2A400B53ED9 /* The Weather AppTests */,
				486F91F0291EA2A400B53ED9 /* The Weather AppUITests */,
				486F91CE291EA2A300B53ED9 /* Products */,
				CA10ED4C742B23C80356BAAB /* Pods */,
				AE24C0F99153E056907FC963 /* Frameworks */,
			);
			sourceTree = "<group>";
		};
		486F91CE291EA2A300B53ED9 /* Products */ = {
			isa = PBXGroup;
			children = (
				486F91CD291EA2A300B53ED9 /* The Weather App.app */,
				486F91E3291EA2A400B53ED9 /* The Weather AppTests.xctest */,
				486F91ED291EA2A400B53ED9 /* The Weather AppUITests.xctest */,
			);
			name = Products;
			sourceTree = "<group>";
		};
		486F91CF291EA2A300B53ED9 /* The Weather App */ = {
			isa = PBXGroup;
			children = (
				486F9200291FCF0C00B53ED9 /* App */,
				486F9201291FCF1300B53ED9 /* Launch */,
				486F9216291FD8DE00B53ED9 /* Splash Animation */,
				486F9228292002B300B53ED9 /* Home */,
				486F9227292002A500B53ED9 /* Util */,
				486F9202291FCF4500B53ED9 /* Resources */,
				486F91DE291EA2A400B53ED9 /* Info.plist */,
			);
			path = "The Weather App";
			sourceTree = "<group>";
		};
		486F91E6291EA2A400B53ED9 /* The Weather AppTests */ = {
			isa = PBXGroup;
			children = (
				486F91E7291EA2A400B53ED9 /* The_Weather_AppTests.swift */,
			);
			path = "The Weather AppTests";
			sourceTree = "<group>";
		};
		486F91F0291EA2A400B53ED9 /* The Weather AppUITests */ = {
			isa = PBXGroup;
			children = (
				486F91F1291EA2A400B53ED9 /* The_Weather_AppUITests.swift */,
				486F91F3291EA2A400B53ED9 /* The_Weather_AppUITestsLaunchTests.swift */,
			);
			path = "The Weather AppUITests";
			sourceTree = "<group>";
		};
		486F9200291FCF0C00B53ED9 /* App */ = {
			isa = PBXGroup;
			children = (
				486F9203291FD49D00B53ED9 /* Coordinator */,
				486F9204291FD4AD00B53ED9 /* List */,
				486F9205291FD4BF00B53ED9 /* Config */,
				486F9206291FD4CE00B53ED9 /* Sources */,
			);
			path = App;
			sourceTree = "<group>";
		};
		486F9201291FCF1300B53ED9 /* Launch */ = {
			isa = PBXGroup;
			children = (
				486F91DB291EA2A400B53ED9 /* LaunchScreen.storyboard */,
			);
			path = Launch;
			sourceTree = "<group>";
		};
		486F9202291FCF4500B53ED9 /* Resources */ = {
			isa = PBXGroup;
			children = (
				486F91D9291EA2A400B53ED9 /* Assets.xcassets */,
				486F9222291FFCE900B53ED9 /* Theme */,
				48AD95CA292005FC00F7035F /* Fonts */,
			);
			path = Resources;
			sourceTree = "<group>";
		};
		486F9203291FD49D00B53ED9 /* Coordinator */ = {
			isa = PBXGroup;
			children = (
				486F9207291FD55600B53ED9 /* AppCoordinator.swift */,
			);
			path = Coordinator;
			sourceTree = "<group>";
		};
		486F9204291FD4AD00B53ED9 /* List */ = {
			isa = PBXGroup;
			children = (
				486F91D0291EA2A300B53ED9 /* AppDelegate.swift */,
				486F91D2291EA2A300B53ED9 /* SceneDelegate.swift */,
			);
			path = List;
			sourceTree = "<group>";
		};
		486F9205291FD4BF00B53ED9 /* Config */ = {
			isa = PBXGroup;
			children = (
				486F9209291FD5DF00B53ED9 /* Environment.swift */,
				486F920B291FD5FB00B53ED9 /* EnvironmentURLKey.swift */,
				486F921F291FEA8800B53ED9 /* Base.xcconfig */,
				486F9220291FEAAE00B53ED9 /* Debug.xcconfig */,
				486F9221291FEAC000B53ED9 /* Release.xcconfig */,
			);
			path = Config;
			sourceTree = "<group>";
		};
		486F9206291FD4CE00B53ED9 /* Sources */ = {
			isa = PBXGroup;
			children = (
				486F920D291FD66F00B53ED9 /* Models */,
			);
			path = Sources;
			sourceTree = "<group>";
		};
		486F920D291FD66F00B53ED9 /* Models */ = {
			isa = PBXGroup;
			children = (
				486F920E291FD67E00B53ED9 /* API Requests */,
				486F920F291FD68900B53ED9 /* API Responses */,
				486F9214291FD6EF00B53ED9 /* AlamofireParametersConvertible.swift */,
			);
			path = Models;
			sourceTree = "<group>";
		};
		486F920E291FD67E00B53ED9 /* API Requests */ = {
			isa = PBXGroup;
			children = (
				486F9210291FD6A000B53ED9 /* APIRequestObject.swift */,
			);
			path = "API Requests";
			sourceTree = "<group>";
		};
		486F920F291FD68900B53ED9 /* API Responses */ = {
			isa = PBXGroup;
			children = (
				486F9212291FD6AE00B53ED9 /* APIResponseObject.swift */,
			);
			path = "API Responses";
			sourceTree = "<group>";
		};
		486F9216291FD8DE00B53ED9 /* Splash Animation */ = {
			isa = PBXGroup;
			children = (
				486F921A291FE8EB00B53ED9 /* Coordinator */,
				486F9217291FD8EC00B53ED9 /* List */,
				48AD95D82920372C00F7035F /* Sources */,
			);
			path = "Splash Animation";
			sourceTree = "<group>";
		};
		486F9217291FD8EC00B53ED9 /* List */ = {
			isa = PBXGroup;
			children = (
				486F9218291FD91500B53ED9 /* SplashAnimationController.swift */,
			);
			path = List;
			sourceTree = "<group>";
		};
		486F921A291FE8EB00B53ED9 /* Coordinator */ = {
			isa = PBXGroup;
			children = (
				486F921B291FE90900B53ED9 /* SplashAnimationCoordinatorProtocol.swift */,
				486F921D291FE93E00B53ED9 /* SplashAnimationCoordinator.swift */,
			);
			path = Coordinator;
			sourceTree = "<group>";
		};
		486F9222291FFCE900B53ED9 /* Theme */ = {
			isa = PBXGroup;
			children = (
				486F9223291FFDA900B53ED9 /* Colors.xcassets */,
				486F9224291FFDA900B53ED9 /* Theme.swift */,
			);
			path = Theme;
			sourceTree = "<group>";
		};
		486F9227292002A500B53ED9 /* Util */ = {
			isa = PBXGroup;
			children = (
				48AD95B02920035400F7035F /* UIView+Constraint.swift */,
				48AD95B22920038100F7035F /* UIViewController.swift */,
				48AD95B42920039C00F7035F /* EmptyStateView.swift */,
				48AD95B6292003B300F7035F /* UITableView.swift */,
				48AD95B8292003CE00F7035F /* UIImageView.swift */,
				48AD95BA2920040800F7035F /* UIView.swift */,
			);
			path = Util;
			sourceTree = "<group>";
		};
		486F9228292002B300B53ED9 /* Home */ = {
			isa = PBXGroup;
			children = (
				48AD95E32920554B00F7035F /* Coordinator */,
				48AD95E22920549E00F7035F /* Service */,
				48AD95DB29203A8200F7035F /* List */,
			);
			path = Home;
			sourceTree = "<group>";
		};
		48AD95CA292005FC00F7035F /* Fonts */ = {
			isa = PBXGroup;
			children = (
				48AD95CB292005FC00F7035F /* Open Sans Semibold.ttf */,
				48AD95CC292005FC00F7035F /* Open Sans Light.ttf */,
				48AD95CD292005FC00F7035F /* Open Sans Bold.ttf */,
				48AD95CE292005FC00F7035F /* Circular.ttf */,
				48AD95CF292005FC00F7035F /* Open Sans Extrabold.ttf */,
				48AD95D0292005FC00F7035F /* Open Sans Regular.ttf */,
			);
			path = Fonts;
			sourceTree = "<group>";
		};
		48AD95D82920372C00F7035F /* Sources */ = {
			isa = PBXGroup;
			children = (
				48AD95D92920398600F7035F /* splash_animation.json */,
			);
			path = Sources;
			sourceTree = "<group>";
		};
		48AD95DB29203A8200F7035F /* List */ = {
			isa = PBXGroup;
			children = (
				48AD95DC29203A9900F7035F /* HomeController.swift */,
				48AD95DE2920441A00F7035F /* HomeViewModel.swift */,
				48AD95E02920478400F7035F /* CurrentWeatherTableViewCell.swift */,
			);
			path = List;
			sourceTree = "<group>";
		};
		48AD95E22920549E00F7035F /* Service */ = {
			isa = PBXGroup;
			children = (
				48AD95E929205E9D00F7035F /* Router */,
				48AD95EA29205EB100F7035F /* API */,
				48AD95EB29205EBF00F7035F /* Operation */,
			);
			path = Service;
			sourceTree = "<group>";
		};
		48AD95E32920554B00F7035F /* Coordinator */ = {
			isa = PBXGroup;
			children = (
				48AD95E42920555F00F7035F /* HomeCoordinatorProtocol.swift */,
				48AD95E62920559600F7035F /* HomeCoordinator.swift */,
			);
			path = Coordinator;
			sourceTree = "<group>";
		};
		48AD95E929205E9D00F7035F /* Router */ = {
			isa = PBXGroup;
			children = (
				48AD95EC29205F1100F7035F /* HomeAPIRouter.swift */,
			);
			path = Router;
			sourceTree = "<group>";
		};
		48AD95EA29205EB100F7035F /* API */ = {
			isa = PBXGroup;
			children = (
				48AD95EE292060C900F7035F /* HomeAPI.swift */,
				48AD95F02920612900F7035F /* APIRequestObject */,
				48AD95F12920613C00F7035F /* APIResponseObject */,
			);
			path = API;
			sourceTree = "<group>";
		};
		48AD95EB29205EBF00F7035F /* Operation */ = {
			isa = PBXGroup;
			children = (
				48AD95F62920693800F7035F /* GetHomeContentOperation.swift */,
			);
			path = Operation;
			sourceTree = "<group>";
		};
		48AD95F02920612900F7035F /* APIRequestObject */ = {
			isa = PBXGroup;
			children = (
				48AD95F22920617000F7035F /* APIRequestObject.GetWeatherData.swift */,
			);
			path = APIRequestObject;
			sourceTree = "<group>";
		};
		48AD95F12920613C00F7035F /* APIResponseObject */ = {
			isa = PBXGroup;
			children = (
				48AD95F42920678500F7035F /* APIResponseObject.HomeContentResponse.swift */,
			);
			path = APIResponseObject;
			sourceTree = "<group>";
		};
		AE24C0F99153E056907FC963 /* Frameworks */ = {
			isa = PBXGroup;
			children = (
				E6CCD15A51A59DB5712FBFBD /* Pods_The_Weather_App.framework */,
			);
			name = Frameworks;
			sourceTree = "<group>";
		};
		CA10ED4C742B23C80356BAAB /* Pods */ = {
			isa = PBXGroup;
			children = (
				6B2E6C38595C02618A844A6D /* Pods-The Weather App.debug.xcconfig */,
				84D2D19E700AE5E9AA37F21B /* Pods-The Weather App.release.xcconfig */,
			);
			path = Pods;
			sourceTree = "<group>";
		};
/* End PBXGroup section */

/* Begin PBXNativeTarget section */
		486F91CC291EA2A300B53ED9 /* The Weather App */ = {
			isa = PBXNativeTarget;
			buildConfigurationList = 486F91F7291EA2A400B53ED9 /* Build configuration list for PBXNativeTarget "The Weather App" */;
			buildPhases = (
				ED5D81C832E8EEDC2C9C7E32 /* [CP] Check Pods Manifest.lock */,
				486F91C9291EA2A300B53ED9 /* Sources */,
				486F91CA291EA2A300B53ED9 /* Frameworks */,
				486F91CB291EA2A300B53ED9 /* Resources */,
				6585336E95FF62F08D93C838 /* [CP] Embed Pods Frameworks */,
			);
			buildRules = (
			);
			dependencies = (
			);
			name = "The Weather App";
			productName = "The Weather App";
			productReference = 486F91CD291EA2A300B53ED9 /* The Weather App.app */;
			productType = "com.apple.product-type.application";
		};
		486F91E2291EA2A400B53ED9 /* The Weather AppTests */ = {
			isa = PBXNativeTarget;
			buildConfigurationList = 486F91FA291EA2A400B53ED9 /* Build configuration list for PBXNativeTarget "The Weather AppTests" */;
			buildPhases = (
				486F91DF291EA2A400B53ED9 /* Sources */,
				486F91E0291EA2A400B53ED9 /* Frameworks */,
				486F91E1291EA2A400B53ED9 /* Resources */,
			);
			buildRules = (
			);
			dependencies = (
				486F91E5291EA2A400B53ED9 /* PBXTargetDependency */,
			);
			name = "The Weather AppTests";
			productName = "The Weather AppTests";
			productReference = 486F91E3291EA2A400B53ED9 /* The Weather AppTests.xctest */;
			productType = "com.apple.product-type.bundle.unit-test";
		};
		486F91EC291EA2A400B53ED9 /* The Weather AppUITests */ = {
			isa = PBXNativeTarget;
			buildConfigurationList = 486F91FD291EA2A400B53ED9 /* Build configuration list for PBXNativeTarget "The Weather AppUITests" */;
			buildPhases = (
				486F91E9291EA2A400B53ED9 /* Sources */,
				486F91EA291EA2A400B53ED9 /* Frameworks */,
				486F91EB291EA2A400B53ED9 /* Resources */,
			);
			buildRules = (
			);
			dependencies = (
				486F91EF291EA2A400B53ED9 /* PBXTargetDependency */,
			);
			name = "The Weather AppUITests";
			productName = "The Weather AppUITests";
			productReference = 486F91ED291EA2A400B53ED9 /* The Weather AppUITests.xctest */;
			productType = "com.apple.product-type.bundle.ui-testing";
		};
/* End PBXNativeTarget section */

/* Begin PBXProject section */
		486F91C5291EA2A300B53ED9 /* Project object */ = {
			isa = PBXProject;
			attributes = {
				BuildIndependentTargetsInParallel = 1;
				LastSwiftUpdateCheck = 1400;
				LastUpgradeCheck = 1400;
				TargetAttributes = {
					486F91CC291EA2A300B53ED9 = {
						CreatedOnToolsVersion = 14.0.1;
					};
					486F91E2291EA2A400B53ED9 = {
						CreatedOnToolsVersion = 14.0.1;
						TestTargetID = 486F91CC291EA2A300B53ED9;
					};
					486F91EC291EA2A400B53ED9 = {
						CreatedOnToolsVersion = 14.0.1;
						TestTargetID = 486F91CC291EA2A300B53ED9;
					};
				};
			};
			buildConfigurationList = 486F91C8291EA2A300B53ED9 /* Build configuration list for PBXProject "The Weather App" */;
			compatibilityVersion = "Xcode 14.0";
			developmentRegion = en;
			hasScannedForEncodings = 0;
			knownRegions = (
				en,
				Base,
			);
			mainGroup = 486F91C4291EA2A300B53ED9;
			productRefGroup = 486F91CE291EA2A300B53ED9 /* Products */;
			projectDirPath = "";
			projectRoot = "";
			targets = (
				486F91CC291EA2A300B53ED9 /* The Weather App */,
				486F91E2291EA2A400B53ED9 /* The Weather AppTests */,
				486F91EC291EA2A400B53ED9 /* The Weather AppUITests */,
			);
		};
/* End PBXProject section */

/* Begin PBXResourcesBuildPhase section */
		486F91CB291EA2A300B53ED9 /* Resources */ = {
			isa = PBXResourcesBuildPhase;
			buildActionMask = 2147483647;
			files = (
				48AD95D1292005FC00F7035F /* Open Sans Semibold.ttf in Resources */,
				48AD95DA2920398600F7035F /* splash_animation.json in Resources */,
				486F9225291FFDA900B53ED9 /* Colors.xcassets in Resources */,
				48AD95D2292005FC00F7035F /* Open Sans Light.ttf in Resources */,
				48AD95D6292005FC00F7035F /* Open Sans Regular.ttf in Resources */,
				486F91DD291EA2A400B53ED9 /* LaunchScreen.storyboard in Resources */,
				48AD95D3292005FC00F7035F /* Open Sans Bold.ttf in Resources */,
				486F91DA291EA2A400B53ED9 /* Assets.xcassets in Resources */,
				48AD95D4292005FC00F7035F /* Circular.ttf in Resources */,
				48AD95D5292005FC00F7035F /* Open Sans Extrabold.ttf in Resources */,
			);
			runOnlyForDeploymentPostprocessing = 0;
		};
		486F91E1291EA2A400B53ED9 /* Resources */ = {
			isa = PBXResourcesBuildPhase;
			buildActionMask = 2147483647;
			files = (
			);
			runOnlyForDeploymentPostprocessing = 0;
		};
		486F91EB291EA2A400B53ED9 /* Resources */ = {
			isa = PBXResourcesBuildPhase;
			buildActionMask = 2147483647;
			files = (
			);
			runOnlyForDeploymentPostprocessing = 0;
		};
/* End PBXResourcesBuildPhase section */

/* Begin PBXShellScriptBuildPhase section */
		6585336E95FF62F08D93C838 /* [CP] Embed Pods Frameworks */ = {
			isa = PBXShellScriptBuildPhase;
			buildActionMask = 2147483647;
			files = (
			);
			inputFileListPaths = (
				"${PODS_ROOT}/Target Support Files/Pods-The Weather App/Pods-The Weather App-frameworks-${CONFIGURATION}-input-files.xcfilelist",
			);
			name = "[CP] Embed Pods Frameworks";
			outputFileListPaths = (
				"${PODS_ROOT}/Target Support Files/Pods-The Weather App/Pods-The Weather App-frameworks-${CONFIGURATION}-output-files.xcfilelist",
			);
			runOnlyForDeploymentPostprocessing = 0;
			shellPath = /bin/sh;
			shellScript = "\"${PODS_ROOT}/Target Support Files/Pods-The Weather App/Pods-The Weather App-frameworks.sh\"\n";
			showEnvVarsInLog = 0;
		};
		ED5D81C832E8EEDC2C9C7E32 /* [CP] Check Pods Manifest.lock */ = {
			isa = PBXShellScriptBuildPhase;
			buildActionMask = 2147483647;
			files = (
			);
			inputFileListPaths = (
			);
			inputPaths = (
				"${PODS_PODFILE_DIR_PATH}/Podfile.lock",
				"${PODS_ROOT}/Manifest.lock",
			);
			name = "[CP] Check Pods Manifest.lock";
			outputFileListPaths = (
			);
			outputPaths = (
				"$(DERIVED_FILE_DIR)/Pods-The Weather App-checkManifestLockResult.txt",
			);
			runOnlyForDeploymentPostprocessing = 0;
			shellPath = /bin/sh;
			shellScript = "diff \"${PODS_PODFILE_DIR_PATH}/Podfile.lock\" \"${PODS_ROOT}/Manifest.lock\" > /dev/null\nif [ $? != 0 ] ; then\n    # print error to STDERR\n    echo \"error: The sandbox is not in sync with the Podfile.lock. Run 'pod install' or update your CocoaPods installation.\" >&2\n    exit 1\nfi\n# This output is used by Xcode 'outputs' to avoid re-running this script phase.\necho \"SUCCESS\" > \"${SCRIPT_OUTPUT_FILE_0}\"\n";
			showEnvVarsInLog = 0;
		};
/* End PBXShellScriptBuildPhase section */

/* Begin PBXSourcesBuildPhase section */
		486F91C9291EA2A300B53ED9 /* Sources */ = {
			isa = PBXSourcesBuildPhase;
			buildActionMask = 2147483647;
			files = (
				48AD95B32920038100F7035F /* UIViewController.swift in Sources */,
				48AD95F72920693800F7035F /* GetHomeContentOperation.swift in Sources */,
				486F9215291FD6EF00B53ED9 /* AlamofireParametersConvertible.swift in Sources */,
				486F9208291FD55600B53ED9 /* AppCoordinator.swift in Sources */,
				48AD95DF2920441A00F7035F /* HomeViewModel.swift in Sources */,
				486F920A291FD5DF00B53ED9 /* Environment.swift in Sources */,
				486F91D1291EA2A300B53ED9 /* AppDelegate.swift in Sources */,
				486F921E291FE93E00B53ED9 /* SplashAnimationCoordinator.swift in Sources */,
				486F9211291FD6A000B53ED9 /* APIRequestObject.swift in Sources */,
				48AD95B12920035400F7035F /* UIView+Constraint.swift in Sources */,
				486F91D3291EA2A300B53ED9 /* SceneDelegate.swift in Sources */,
				486F9219291FD91500B53ED9 /* SplashAnimationController.swift in Sources */,
				48AD95E52920555F00F7035F /* HomeCoordinatorProtocol.swift in Sources */,
				48AD95EF292060C900F7035F /* HomeAPI.swift in Sources */,
				486F920C291FD5FB00B53ED9 /* EnvironmentURLKey.swift in Sources */,
				48AD95F32920617000F7035F /* APIRequestObject.GetWeatherData.swift in Sources */,
				48AD95E12920478400F7035F /* CurrentWeatherTableViewCell.swift in Sources */,
				48AD95F52920678500F7035F /* APIResponseObject.HomeContentResponse.swift in Sources */,
				486F9226291FFDA900B53ED9 /* Theme.swift in Sources */,
				48AD95B52920039C00F7035F /* EmptyStateView.swift in Sources */,
				48AD95E72920559600F7035F /* HomeCoordinator.swift in Sources */,
				48AD95B7292003B300F7035F /* UITableView.swift in Sources */,
				48AD95ED29205F1100F7035F /* HomeAPIRouter.swift in Sources */,
				486F921C291FE90900B53ED9 /* SplashAnimationCoordinatorProtocol.swift in Sources */,
				48AD95B9292003CE00F7035F /* UIImageView.swift in Sources */,
				48AD95BB2920040800F7035F /* UIView.swift in Sources */,
				48AD95DD29203A9900F7035F /* HomeController.swift in Sources */,
				486F9213291FD6AE00B53ED9 /* APIResponseObject.swift in Sources */,
			);
			runOnlyForDeploymentPostprocessing = 0;
		};
		486F91DF291EA2A400B53ED9 /* Sources */ = {
			isa = PBXSourcesBuildPhase;
			buildActionMask = 2147483647;
			files = (
				486F91E8291EA2A400B53ED9 /* The_Weather_AppTests.swift in Sources */,
			);
			runOnlyForDeploymentPostprocessing = 0;
		};
		486F91E9291EA2A400B53ED9 /* Sources */ = {
			isa = PBXSourcesBuildPhase;
			buildActionMask = 2147483647;
			files = (
				486F91F2291EA2A400B53ED9 /* The_Weather_AppUITests.swift in Sources */,
				486F91F4291EA2A400B53ED9 /* The_Weather_AppUITestsLaunchTests.swift in Sources */,
			);
			runOnlyForDeploymentPostprocessing = 0;
		};
/* End PBXSourcesBuildPhase section */

/* Begin PBXTargetDependency section */
		486F91E5291EA2A400B53ED9 /* PBXTargetDependency */ = {
			isa = PBXTargetDependency;
			target = 486F91CC291EA2A300B53ED9 /* The Weather App */;
			targetProxy = 486F91E4291EA2A400B53ED9 /* PBXContainerItemProxy */;
		};
		486F91EF291EA2A400B53ED9 /* PBXTargetDependency */ = {
			isa = PBXTargetDependency;
			target = 486F91CC291EA2A300B53ED9 /* The Weather App */;
			targetProxy = 486F91EE291EA2A400B53ED9 /* PBXContainerItemProxy */;
		};
/* End PBXTargetDependency section */

/* Begin PBXVariantGroup section */
		486F91DB291EA2A400B53ED9 /* LaunchScreen.storyboard */ = {
			isa = PBXVariantGroup;
			children = (
				486F91DC291EA2A400B53ED9 /* Base */,
			);
			name = LaunchScreen.storyboard;
			sourceTree = "<group>";
		};
/* End PBXVariantGroup section */

/* Begin XCBuildConfiguration section */
		486F91F5291EA2A400B53ED9 /* Debug */ = {
			isa = XCBuildConfiguration;
			baseConfigurationReference = 486F921F291FEA8800B53ED9 /* Base.xcconfig */;
			buildSettings = {
				ALWAYS_SEARCH_USER_PATHS = NO;
				CLANG_ANALYZER_NONNULL = YES;
				CLANG_ANALYZER_NUMBER_OBJECT_CONVERSION = YES_AGGRESSIVE;
				CLANG_CXX_LANGUAGE_STANDARD = "gnu++20";
				CLANG_ENABLE_MODULES = YES;
				CLANG_ENABLE_OBJC_ARC = YES;
				CLANG_ENABLE_OBJC_WEAK = YES;
				CLANG_WARN_BLOCK_CAPTURE_AUTORELEASING = YES;
				CLANG_WARN_BOOL_CONVERSION = YES;
				CLANG_WARN_COMMA = YES;
				CLANG_WARN_CONSTANT_CONVERSION = YES;
				CLANG_WARN_DEPRECATED_OBJC_IMPLEMENTATIONS = YES;
				CLANG_WARN_DIRECT_OBJC_ISA_USAGE = YES_ERROR;
				CLANG_WARN_DOCUMENTATION_COMMENTS = YES;
				CLANG_WARN_EMPTY_BODY = YES;
				CLANG_WARN_ENUM_CONVERSION = YES;
				CLANG_WARN_INFINITE_RECURSION = YES;
				CLANG_WARN_INT_CONVERSION = YES;
				CLANG_WARN_NON_LITERAL_NULL_CONVERSION = YES;
				CLANG_WARN_OBJC_IMPLICIT_RETAIN_SELF = YES;
				CLANG_WARN_OBJC_LITERAL_CONVERSION = YES;
				CLANG_WARN_OBJC_ROOT_CLASS = YES_ERROR;
				CLANG_WARN_QUOTED_INCLUDE_IN_FRAMEWORK_HEADER = YES;
				CLANG_WARN_RANGE_LOOP_ANALYSIS = YES;
				CLANG_WARN_STRICT_PROTOTYPES = YES;
				CLANG_WARN_SUSPICIOUS_MOVE = YES;
				CLANG_WARN_UNGUARDED_AVAILABILITY = YES_AGGRESSIVE;
				CLANG_WARN_UNREACHABLE_CODE = YES;
				CLANG_WARN__DUPLICATE_METHOD_MATCH = YES;
				COPY_PHASE_STRIP = NO;
				DEBUG_INFORMATION_FORMAT = dwarf;
				ENABLE_STRICT_OBJC_MSGSEND = YES;
				ENABLE_TESTABILITY = YES;
				GCC_C_LANGUAGE_STANDARD = gnu11;
				GCC_DYNAMIC_NO_PIC = NO;
				GCC_NO_COMMON_BLOCKS = YES;
				GCC_OPTIMIZATION_LEVEL = 0;
				GCC_PREPROCESSOR_DEFINITIONS = (
					"DEBUG=1",
					"$(inherited)",
				);
				GCC_WARN_64_TO_32_BIT_CONVERSION = YES;
				GCC_WARN_ABOUT_RETURN_TYPE = YES_ERROR;
				GCC_WARN_UNDECLARED_SELECTOR = YES;
				GCC_WARN_UNINITIALIZED_AUTOS = YES_AGGRESSIVE;
				GCC_WARN_UNUSED_FUNCTION = YES;
				GCC_WARN_UNUSED_VARIABLE = YES;
				IPHONEOS_DEPLOYMENT_TARGET = 13.0;
				MTL_ENABLE_DEBUG_INFO = INCLUDE_SOURCE;
				MTL_FAST_MATH = YES;
				ONLY_ACTIVE_ARCH = YES;
				SDKROOT = iphoneos;
				SWIFT_ACTIVE_COMPILATION_CONDITIONS = DEBUG;
				SWIFT_OPTIMIZATION_LEVEL = "-Onone";
			};
			name = Debug;
		};
		486F91F6291EA2A400B53ED9 /* Release */ = {
			isa = XCBuildConfiguration;
			baseConfigurationReference = 486F921F291FEA8800B53ED9 /* Base.xcconfig */;
			buildSettings = {
				ALWAYS_SEARCH_USER_PATHS = NO;
				CLANG_ANALYZER_NONNULL = YES;
				CLANG_ANALYZER_NUMBER_OBJECT_CONVERSION = YES_AGGRESSIVE;
				CLANG_CXX_LANGUAGE_STANDARD = "gnu++20";
				CLANG_ENABLE_MODULES = YES;
				CLANG_ENABLE_OBJC_ARC = YES;
				CLANG_ENABLE_OBJC_WEAK = YES;
				CLANG_WARN_BLOCK_CAPTURE_AUTORELEASING = YES;
				CLANG_WARN_BOOL_CONVERSION = YES;
				CLANG_WARN_COMMA = YES;
				CLANG_WARN_CONSTANT_CONVERSION = YES;
				CLANG_WARN_DEPRECATED_OBJC_IMPLEMENTATIONS = YES;
				CLANG_WARN_DIRECT_OBJC_ISA_USAGE = YES_ERROR;
				CLANG_WARN_DOCUMENTATION_COMMENTS = YES;
				CLANG_WARN_EMPTY_BODY = YES;
				CLANG_WARN_ENUM_CONVERSION = YES;
				CLANG_WARN_INFINITE_RECURSION = YES;
				CLANG_WARN_INT_CONVERSION = YES;
				CLANG_WARN_NON_LITERAL_NULL_CONVERSION = YES;
				CLANG_WARN_OBJC_IMPLICIT_RETAIN_SELF = YES;
				CLANG_WARN_OBJC_LITERAL_CONVERSION = YES;
				CLANG_WARN_OBJC_ROOT_CLASS = YES_ERROR;
				CLANG_WARN_QUOTED_INCLUDE_IN_FRAMEWORK_HEADER = YES;
				CLANG_WARN_RANGE_LOOP_ANALYSIS = YES;
				CLANG_WARN_STRICT_PROTOTYPES = YES;
				CLANG_WARN_SUSPICIOUS_MOVE = YES;
				CLANG_WARN_UNGUARDED_AVAILABILITY = YES_AGGRESSIVE;
				CLANG_WARN_UNREACHABLE_CODE = YES;
				CLANG_WARN__DUPLICATE_METHOD_MATCH = YES;
				COPY_PHASE_STRIP = NO;
				DEBUG_INFORMATION_FORMAT = "dwarf-with-dsym";
				ENABLE_NS_ASSERTIONS = NO;
				ENABLE_STRICT_OBJC_MSGSEND = YES;
				GCC_C_LANGUAGE_STANDARD = gnu11;
				GCC_NO_COMMON_BLOCKS = YES;
				GCC_WARN_64_TO_32_BIT_CONVERSION = YES;
				GCC_WARN_ABOUT_RETURN_TYPE = YES_ERROR;
				GCC_WARN_UNDECLARED_SELECTOR = YES;
				GCC_WARN_UNINITIALIZED_AUTOS = YES_AGGRESSIVE;
				GCC_WARN_UNUSED_FUNCTION = YES;
				GCC_WARN_UNUSED_VARIABLE = YES;
				IPHONEOS_DEPLOYMENT_TARGET = 13.0;
				MTL_ENABLE_DEBUG_INFO = NO;
				MTL_FAST_MATH = YES;
				SDKROOT = iphoneos;
				SWIFT_COMPILATION_MODE = wholemodule;
				SWIFT_OPTIMIZATION_LEVEL = "-O";
				VALIDATE_PRODUCT = YES;
			};
			name = Release;
		};
		486F91F8291EA2A400B53ED9 /* Debug */ = {
			isa = XCBuildConfiguration;
			baseConfigurationReference = 486F9220291FEAAE00B53ED9 /* Debug.xcconfig */;
			buildSettings = {
				ASSETCATALOG_COMPILER_APPICON_NAME = AppIcon;
				ASSETCATALOG_COMPILER_GLOBAL_ACCENT_COLOR_NAME = AccentColor;
				CODE_SIGN_STYLE = Manual;
				CURRENT_PROJECT_VERSION = 1;
				DEVELOPMENT_TEAM = "";
				GENERATE_INFOPLIST_FILE = YES;
				INFOPLIST_FILE = "The Weather App/Info.plist";
				INFOPLIST_KEY_CFBundleDisplayName = "$(APP_NAME)";
				INFOPLIST_KEY_UIApplicationSupportsIndirectInputEvents = YES;
				INFOPLIST_KEY_UILaunchStoryboardName = LaunchScreen;
				INFOPLIST_KEY_UISupportedInterfaceOrientations = UIInterfaceOrientationPortrait;
				INFOPLIST_KEY_UISupportedInterfaceOrientations_iPad = "UIInterfaceOrientationLandscapeLeft UIInterfaceOrientationLandscapeRight UIInterfaceOrientationPortrait UIInterfaceOrientationPortraitUpsideDown";
				IPHONEOS_DEPLOYMENT_TARGET = 13.0;
				LD_RUNPATH_SEARCH_PATHS = (
					"$(inherited)",
					"@executable_path/Frameworks",
				);
				MARKETING_VERSION = 1.0;
				PRODUCT_BUNDLE_IDENTIFIER = "$(PRODUCT_BUNDLE_IDENTIFIER)";
				PRODUCT_NAME = "$(TARGET_NAME)";
				PROVISIONING_PROFILE_SPECIFIER = "";
				SUPPORTED_PLATFORMS = "iphoneos iphonesimulator";
				SUPPORTS_MACCATALYST = NO;
				SUPPORTS_MAC_DESIGNED_FOR_IPHONE_IPAD = NO;
				SWIFT_EMIT_LOC_STRINGS = YES;
				SWIFT_VERSION = 5.0;
				TARGETED_DEVICE_FAMILY = 1;
			};
			name = Debug;
		};
		486F91F9291EA2A400B53ED9 /* Release */ = {
			isa = XCBuildConfiguration;
			baseConfigurationReference = 486F9221291FEAC000B53ED9 /* Release.xcconfig */;
			buildSettings = {
				ASSETCATALOG_COMPILER_APPICON_NAME = AppIcon;
				ASSETCATALOG_COMPILER_GLOBAL_ACCENT_COLOR_NAME = AccentColor;
				CODE_SIGN_STYLE = Manual;
				CURRENT_PROJECT_VERSION = 1;
				DEVELOPMENT_TEAM = "";
				GENERATE_INFOPLIST_FILE = YES;
				INFOPLIST_FILE = "The Weather App/Info.plist";
				INFOPLIST_KEY_CFBundleDisplayName = "$(APP_NAME)";
				INFOPLIST_KEY_UIApplicationSupportsIndirectInputEvents = YES;
				INFOPLIST_KEY_UILaunchStoryboardName = LaunchScreen;
				INFOPLIST_KEY_UISupportedInterfaceOrientations = UIInterfaceOrientationPortrait;
				INFOPLIST_KEY_UISupportedInterfaceOrientations_iPad = "UIInterfaceOrientationLandscapeLeft UIInterfaceOrientationLandscapeRight UIInterfaceOrientationPortrait UIInterfaceOrientationPortraitUpsideDown";
				IPHONEOS_DEPLOYMENT_TARGET = 13.0;
				LD_RUNPATH_SEARCH_PATHS = (
					"$(inherited)",
					"@executable_path/Frameworks",
				);
				MARKETING_VERSION = 1.0;
				PRODUCT_BUNDLE_IDENTIFIER = "$(PRODUCT_BUNDLE_IDENTIFIER)";
				PRODUCT_NAME = "$(TARGET_NAME)";
				PROVISIONING_PROFILE_SPECIFIER = "";
				SUPPORTED_PLATFORMS = "iphoneos iphonesimulator";
				SUPPORTS_MACCATALYST = NO;
				SUPPORTS_MAC_DESIGNED_FOR_IPHONE_IPAD = NO;
				SWIFT_EMIT_LOC_STRINGS = YES;
				SWIFT_VERSION = 5.0;
				TARGETED_DEVICE_FAMILY = 1;
			};
			name = Release;
		};
		486F91FB291EA2A400B53ED9 /* Debug */ = {
			isa = XCBuildConfiguration;
			buildSettings = {
				ALWAYS_EMBED_SWIFT_STANDARD_LIBRARIES = YES;
				BUNDLE_LOADER = "$(TEST_HOST)";
				CODE_SIGN_STYLE = Automatic;
				CURRENT_PROJECT_VERSION = 1;
				GENERATE_INFOPLIST_FILE = YES;
				IPHONEOS_DEPLOYMENT_TARGET = 16.0;
				MARKETING_VERSION = 1.0;
				PRODUCT_BUNDLE_IDENTIFIER = "com.superb.The-Weather-AppTests";
				PRODUCT_NAME = "$(TARGET_NAME)";
				SWIFT_EMIT_LOC_STRINGS = NO;
				SWIFT_VERSION = 5.0;
				TARGETED_DEVICE_FAMILY = "1,2";
				TEST_HOST = "$(BUILT_PRODUCTS_DIR)/The Weather App.app/$(BUNDLE_EXECUTABLE_FOLDER_PATH)/The Weather App";
			};
			name = Debug;
		};
		486F91FC291EA2A400B53ED9 /* Release */ = {
			isa = XCBuildConfiguration;
			buildSettings = {
				ALWAYS_EMBED_SWIFT_STANDARD_LIBRARIES = YES;
				BUNDLE_LOADER = "$(TEST_HOST)";
				CODE_SIGN_STYLE = Automatic;
				CURRENT_PROJECT_VERSION = 1;
				GENERATE_INFOPLIST_FILE = YES;
				IPHONEOS_DEPLOYMENT_TARGET = 16.0;
				MARKETING_VERSION = 1.0;
				PRODUCT_BUNDLE_IDENTIFIER = "com.superb.The-Weather-AppTests";
				PRODUCT_NAME = "$(TARGET_NAME)";
				SWIFT_EMIT_LOC_STRINGS = NO;
				SWIFT_VERSION = 5.0;
				TARGETED_DEVICE_FAMILY = "1,2";
				TEST_HOST = "$(BUILT_PRODUCTS_DIR)/The Weather App.app/$(BUNDLE_EXECUTABLE_FOLDER_PATH)/The Weather App";
			};
			name = Release;
		};
		486F91FE291EA2A400B53ED9 /* Debug */ = {
			isa = XCBuildConfiguration;
			buildSettings = {
				ALWAYS_EMBED_SWIFT_STANDARD_LIBRARIES = YES;
				CODE_SIGN_STYLE = Automatic;
				CURRENT_PROJECT_VERSION = 1;
				GENERATE_INFOPLIST_FILE = YES;
				MARKETING_VERSION = 1.0;
				PRODUCT_BUNDLE_IDENTIFIER = "com.superb.The-Weather-AppUITests";
				PRODUCT_NAME = "$(TARGET_NAME)";
				SWIFT_EMIT_LOC_STRINGS = NO;
				SWIFT_VERSION = 5.0;
				TARGETED_DEVICE_FAMILY = "1,2";
				TEST_TARGET_NAME = "The Weather App";
			};
			name = Debug;
		};
		486F91FF291EA2A400B53ED9 /* Release */ = {
			isa = XCBuildConfiguration;
			buildSettings = {
				ALWAYS_EMBED_SWIFT_STANDARD_LIBRARIES = YES;
				CODE_SIGN_STYLE = Automatic;
				CURRENT_PROJECT_VERSION = 1;
				GENERATE_INFOPLIST_FILE = YES;
				MARKETING_VERSION = 1.0;
				PRODUCT_BUNDLE_IDENTIFIER = "com.superb.The-Weather-AppUITests";
				PRODUCT_NAME = "$(TARGET_NAME)";
				SWIFT_EMIT_LOC_STRINGS = NO;
				SWIFT_VERSION = 5.0;
				TARGETED_DEVICE_FAMILY = "1,2";
				TEST_TARGET_NAME = "The Weather App";
			};
			name = Release;
		};
/* End XCBuildConfiguration section */

/* Begin XCConfigurationList section */
		486F91C8291EA2A300B53ED9 /* Build configuration list for PBXProject "The Weather App" */ = {
			isa = XCConfigurationList;
			buildConfigurations = (
				486F91F5291EA2A400B53ED9 /* Debug */,
				486F91F6291EA2A400B53ED9 /* Release */,
			);
			defaultConfigurationIsVisible = 0;
			defaultConfigurationName = Release;
		};
		486F91F7291EA2A400B53ED9 /* Build configuration list for PBXNativeTarget "The Weather App" */ = {
			isa = XCConfigurationList;
			buildConfigurations = (
				486F91F8291EA2A400B53ED9 /* Debug */,
				486F91F9291EA2A400B53ED9 /* Release */,
			);
			defaultConfigurationIsVisible = 0;
			defaultConfigurationName = Release;
		};
		486F91FA291EA2A400B53ED9 /* Build configuration list for PBXNativeTarget "The Weather AppTests" */ = {
			isa = XCConfigurationList;
			buildConfigurations = (
				486F91FB291EA2A400B53ED9 /* Debug */,
				486F91FC291EA2A400B53ED9 /* Release */,
			);
			defaultConfigurationIsVisible = 0;
			defaultConfigurationName = Release;
		};
		486F91FD291EA2A400B53ED9 /* Build configuration list for PBXNativeTarget "The Weather AppUITests" */ = {
			isa = XCConfigurationList;
			buildConfigurations = (
				486F91FE291EA2A400B53ED9 /* Debug */,
				486F91FF291EA2A400B53ED9 /* Release */,
			);
			defaultConfigurationIsVisible = 0;
			defaultConfigurationName = Release;
		};
/* End XCConfigurationList section */
	};
	rootObject = 486F91C5291EA2A300B53ED9 /* Project object */;
}
